
Microsoft Visual Studio Solution File, Format Version 12.00
# Visual Studio Version 16
VisualStudioVersion = 16.0.29911.84
MinimumVisualStudioVersion = 10.0.40219.1
Project("{159641D6-6404-4A2A-AE62-294DE0FE8301}") = "PopulateMovieDim", "PopulateMovieDim\PopulateMovieDim.dtproj", "{598D4CC6-8F5F-436A-B096-164F1F5AD286}"
EndProject
Global
	GlobalSection(SolutionConfigurationPlatforms) = preSolution
		Development|Default = Development|Default
	EndGlobalSection
	GlobalSection(ProjectConfigurationPlatforms) = postSolution
		{598D4CC6-8F5F-436A-B096-164F1F5AD286}.Development|Default.ActiveCfg = Development
		{598D4CC6-8F5F-436A-B096-164F1F5AD286}.Development|Default.Build.0 = Development
	EndGlobalSection
	GlobalSection(SolutionProperties) = preSolution
		HideSolutionNode = FALSE
	EndGlobalSection
	GlobalSection(ExtensibilityGlobals) = postSolution
		SolutionGuid = {1CBF0D04-44D3-4261-B041-625F6982719F}
	EndGlobalSection
EndGlobal
